
Microsoft Visual Studio Solution File, Format Version 12.00
# Visual Studio 14
VisualStudioVersion = 14.0.23107.0
MinimumVisualStudioVersion = 10.0.40219.1
Project("{2150E333-8FDC-42A3-9474-1A3956D46DE8}") = ".nuget", ".nuget", "{E8CF27AD-3CAE-45DD-A8EB-09CCDB88F399}"
	ProjectSection(SolutionItems) = preProject
		.nuget\NuGet.Config = .nuget\NuGet.Config
		.nuget\NuGet.exe = .nuget\NuGet.exe
		.nuget\NuGet.targets = .nuget\NuGet.targets
	EndProjectSection
EndProject
Project("{2150E333-8FDC-42A3-9474-1A3956D46DE8}") = "Solution Items", "Solution Items", "{D131E6E1-101B-4A80-8947-D82BFAEDEB68}"
	ProjectSection(SolutionItems) = preProject
		LICENSE.md = LICENSE.md
		README.md = README.md
	EndProjectSection
EndProject
Project("{F184B08F-C81C-45F6-A57F-5ABD9991F28F}") = "CssAjaxMin", "MocaTemplate\MocaItem\CssAjaxMin\CssAjaxMin.vbproj", "{278615AC-DE1C-4148-97AE-D48379D873DA}"
EndProject
Project("{2150E333-8FDC-42A3-9474-1A3956D46DE8}") = "Templates", "Templates", "{A9BC3262-B4B8-4B39-A131-6C25A9F3341A}"
EndProject
Project("{F184B08F-C81C-45F6-A57F-5ABD9991F28F}") = "EntityWizard", "MocaTemplate\MocaItem\EntityWizard\EntityWizard.vbproj", "{7C83F9A8-3458-416B-BD32-8082EB95A99E}"
EndProject
Project("{F184B08F-C81C-45F6-A57F-5ABD9991F28F}") = "ICookie", "MocaTemplate\MocaItem\ICookie\ICookie.vbproj", "{C3295D8D-6E75-4710-BD54-52722880606B}"
EndProject
Project("{F184B08F-C81C-45F6-A57F-5ABD9991F28F}") = "ISession", "MocaTemplate\MocaItem\ISession\ISession.vbproj", "{4DA60FB2-F8A7-4700-9DD9-DDEE377D529D}"
EndProject
Project("{2150E333-8FDC-42A3-9474-1A3956D46DE8}") = "Item", "Item", "{A67B1FD6-5205-4217-BB72-D1C47A891F60}"
EndProject
Project("{2150E333-8FDC-42A3-9474-1A3956D46DE8}") = "Project", "Project", "{E0586EE9-E05E-4D29-9BA8-2830C327763F}"
EndProject
Project("{F184B08F-C81C-45F6-A57F-5ABD9991F28F}") = "JsAjaxMin", "MocaTemplate\MocaItem\JsAjaxMin\JsAjaxMin.vbproj", "{FA4C692F-1FA5-4083-B013-178684838DE6}"
EndProject
Project("{F184B08F-C81C-45F6-A57F-5ABD9991F28F}") = "MethodInterceptor", "MocaTemplate\MocaItem\MethodInterceptor\MethodInterceptor.vbproj", "{8DC43F79-B298-4621-818F-4276E69B6722}"
EndProject
Project("{F184B08F-C81C-45F6-A57F-5ABD9991F28F}") = "Dao", "MocaTemplate\MocaItem\Dao\Dao.vbproj", "{B9F4E09E-5ED5-4B7D-95B2-F14F3AD5B733}"
EndProject
Project("{F184B08F-C81C-45F6-A57F-5ABD9991F28F}") = "MocaMasterPage", "MocaTemplate\MocaItem\MocaMasterPage\MocaMasterPage.vbproj", "{29848076-4CA0-4A4E-94D3-2D7959C3270C}"
EndProject
Project("{F184B08F-C81C-45F6-A57F-5ABD9991F28F}") = "MocaWebApiController", "MocaTemplate\MocaItem\MocaWebApiController\MocaWebApiController.vbproj", "{8293A12B-B26C-4873-A56E-A1AFFDAF17C6}"
EndProject
Project("{F184B08F-C81C-45F6-A57F-5ABD9991F28F}") = "MocaWebForm", "MocaTemplate\MocaItem\MocaWebForm\MocaWebForm.vbproj", "{FF67632B-476A-415F-9596-6900D96104F0}"
EndProject
Project("{F184B08F-C81C-45F6-A57F-5ABD9991F28F}") = "MocaWebUserControl", "MocaTemplate\MocaItem\MocaWebUserControl\MocaWebUserControl.vbproj", "{D4BD7D3B-1A20-475E-B38B-93E20EC1E770}"
EndProject
Project("{F184B08F-C81C-45F6-A57F-5ABD9991F28F}") = "MocaWizard", "MocaTemplate\MocaItem\MocaWizard\MocaWizard.vbproj", "{AB143B64-0674-4D35-AC14-8982AE2037FB}"
EndProject
Project("{F184B08F-C81C-45F6-A57F-5ABD9991F28F}") = "SQLStatementlogger", "MocaTemplate\MocaItem\SQLStatementlogger\SQLStatementlogger.vbproj", "{C01C2F48-0757-47A5-817D-4EF53CBC524E}"
EndProject
Project("{F184B08F-C81C-45F6-A57F-5ABD9991F28F}") = "MocaWebApplication", "MocaTemplate\MocaProject\MocaWebApplication\MocaWebApplication.vbproj", "{79521B62-8B8E-4623-BBD1-CE46678450BC}"
EndProject
Project("{F184B08F-C81C-45F6-A57F-5ABD9991F28F}") = "MocaWebApplication35", "MocaTemplate\MocaProject\MocaWebApplication35\MocaWebApplication35.vbproj", "{AA671D38-55BE-40BD-9616-AB2DF53526EE}"
EndProject
Project("{F184B08F-C81C-45F6-A57F-5ABD9991F28F}") = "MocaWindowsApplication", "MocaTemplate\MocaProject\MocaWindowsApplication\MocaWindowsApplication.vbproj", "{E52609F7-3D24-48C4-B89C-B8DABD12FE2E}"
EndProject
Project("{F184B08F-C81C-45F6-A57F-5ABD9991F28F}") = "MocaWindowsApplication35", "MocaTemplate\MocaProject\MocaWindowsApplication35\MocaWindowsApplication35.vbproj", "{C17D19CA-08CF-4043-91B6-5ABBE53AF22C}"
EndProject
Project("{F184B08F-C81C-45F6-A57F-5ABD9991F28F}") = "MocaTemplateVSPackage", "MocaTemplateVSPackage\MocaTemplateVSPackage.vbproj", "{557F3FEA-D110-4FE0-BB65-EEA6B5FD0FB4}"
	ProjectSection(ProjectDependencies) = postProject
		{FF67632B-476A-415F-9596-6900D96104F0} = {FF67632B-476A-415F-9596-6900D96104F0}
		{8293A12B-B26C-4873-A56E-A1AFFDAF17C6} = {8293A12B-B26C-4873-A56E-A1AFFDAF17C6}
		{FA4C692F-1FA5-4083-B013-178684838DE6} = {FA4C692F-1FA5-4083-B013-178684838DE6}
		{AA671D38-55BE-40BD-9616-AB2DF53526EE} = {AA671D38-55BE-40BD-9616-AB2DF53526EE}
		{D4BD7D3B-1A20-475E-B38B-93E20EC1E770} = {D4BD7D3B-1A20-475E-B38B-93E20EC1E770}
		{C01C2F48-0757-47A5-817D-4EF53CBC524E} = {C01C2F48-0757-47A5-817D-4EF53CBC524E}
		{79521B62-8B8E-4623-BBD1-CE46678450BC} = {79521B62-8B8E-4623-BBD1-CE46678450BC}
		{29848076-4CA0-4A4E-94D3-2D7959C3270C} = {29848076-4CA0-4A4E-94D3-2D7959C3270C}
		{8DC43F79-B298-4621-818F-4276E69B6722} = {8DC43F79-B298-4621-818F-4276E69B6722}
		{C3295D8D-6E75-4710-BD54-52722880606B} = {C3295D8D-6E75-4710-BD54-52722880606B}
		{B9F4E09E-5ED5-4B7D-95B2-F14F3AD5B733} = {B9F4E09E-5ED5-4B7D-95B2-F14F3AD5B733}
		{7C83F9A8-3458-416B-BD32-8082EB95A99E} = {7C83F9A8-3458-416B-BD32-8082EB95A99E}
		{278615AC-DE1C-4148-97AE-D48379D873DA} = {278615AC-DE1C-4148-97AE-D48379D873DA}
		{4DA60FB2-F8A7-4700-9DD9-DDEE377D529D} = {4DA60FB2-F8A7-4700-9DD9-DDEE377D529D}
		{C17D19CA-08CF-4043-91B6-5ABBE53AF22C} = {C17D19CA-08CF-4043-91B6-5ABBE53AF22C}
		{E52609F7-3D24-48C4-B89C-B8DABD12FE2E} = {E52609F7-3D24-48C4-B89C-B8DABD12FE2E}
	EndProjectSection
EndProject
Project("{F184B08F-C81C-45F6-A57F-5ABD9991F28F}") = "MocaVSIX", "MocaVSIX\MocaVSIX.vbproj", "{6DEC88FB-4FA5-462D-B6F1-B6367528F113}"
EndProject
Global
	GlobalSection(SolutionConfigurationPlatforms) = preSolution
		Debug|Any CPU = Debug|Any CPU
		Release|Any CPU = Release|Any CPU
	EndGlobalSection
	GlobalSection(ProjectConfigurationPlatforms) = postSolution
		{278615AC-DE1C-4148-97AE-D48379D873DA}.Debug|Any CPU.ActiveCfg = Debug|Any CPU
		{278615AC-DE1C-4148-97AE-D48379D873DA}.Debug|Any CPU.Build.0 = Debug|Any CPU
		{278615AC-DE1C-4148-97AE-D48379D873DA}.Release|Any CPU.ActiveCfg = Release|Any CPU
		{278615AC-DE1C-4148-97AE-D48379D873DA}.Release|Any CPU.Build.0 = Release|Any CPU
		{7C83F9A8-3458-416B-BD32-8082EB95A99E}.Debug|Any CPU.ActiveCfg = Debug|Any CPU
		{7C83F9A8-3458-416B-BD32-8082EB95A99E}.Debug|Any CPU.Build.0 = Debug|Any CPU
		{7C83F9A8-3458-416B-BD32-8082EB95A99E}.Release|Any CPU.ActiveCfg = Release|Any CPU
		{7C83F9A8-3458-416B-BD32-8082EB95A99E}.Release|Any CPU.Build.0 = Release|Any CPU
		{C3295D8D-6E75-4710-BD54-52722880606B}.Debug|Any CPU.ActiveCfg = Debug|Any CPU
		{C3295D8D-6E75-4710-BD54-52722880606B}.Debug|Any CPU.Build.0 = Debug|Any CPU
		{C3295D8D-6E75-4710-BD54-52722880606B}.Release|Any CPU.ActiveCfg = Release|Any CPU
		{C3295D8D-6E75-4710-BD54-52722880606B}.Release|Any CPU.Build.0 = Release|Any CPU
		{4DA60FB2-F8A7-4700-9DD9-DDEE377D529D}.Debug|Any CPU.ActiveCfg = Debug|Any CPU
		{4DA60FB2-F8A7-4700-9DD9-DDEE377D529D}.Debug|Any CPU.Build.0 = Debug|Any CPU
		{4DA60FB2-F8A7-4700-9DD9-DDEE377D529D}.Release|Any CPU.ActiveCfg = Release|Any CPU
		{4DA60FB2-F8A7-4700-9DD9-DDEE377D529D}.Release|Any CPU.Build.0 = Release|Any CPU
		{FA4C692F-1FA5-4083-B013-178684838DE6}.Debug|Any CPU.ActiveCfg = Debug|Any CPU
		{FA4C692F-1FA5-4083-B013-178684838DE6}.Debug|Any CPU.Build.0 = Debug|Any CPU
		{FA4C692F-1FA5-4083-B013-178684838DE6}.Release|Any CPU.ActiveCfg = Release|Any CPU
		{FA4C692F-1FA5-4083-B013-178684838DE6}.Release|Any CPU.Build.0 = Release|Any CPU
		{8DC43F79-B298-4621-818F-4276E69B6722}.Debug|Any CPU.ActiveCfg = Debug|Any CPU
		{8DC43F79-B298-4621-818F-4276E69B6722}.Debug|Any CPU.Build.0 = Debug|Any CPU
		{8DC43F79-B298-4621-818F-4276E69B6722}.Release|Any CPU.ActiveCfg = Release|Any CPU
		{8DC43F79-B298-4621-818F-4276E69B6722}.Release|Any CPU.Build.0 = Release|Any CPU
		{B9F4E09E-5ED5-4B7D-95B2-F14F3AD5B733}.Debug|Any CPU.ActiveCfg = Debug|Any CPU
		{B9F4E09E-5ED5-4B7D-95B2-F14F3AD5B733}.Debug|Any CPU.Build.0 = Debug|Any CPU
		{B9F4E09E-5ED5-4B7D-95B2-F14F3AD5B733}.Release|Any CPU.ActiveCfg = Release|Any CPU
		{B9F4E09E-5ED5-4B7D-95B2-F14F3AD5B733}.Release|Any CPU.Build.0 = Release|Any CPU
		{29848076-4CA0-4A4E-94D3-2D7959C3270C}.Debug|Any CPU.ActiveCfg = Debug|Any CPU
		{29848076-4CA0-4A4E-94D3-2D7959C3270C}.Debug|Any CPU.Build.0 = Debug|Any CPU
		{29848076-4CA0-4A4E-94D3-2D7959C3270C}.Release|Any CPU.ActiveCfg = Release|Any CPU
		{29848076-4CA0-4A4E-94D3-2D7959C3270C}.Release|Any CPU.Build.0 = Release|Any CPU
		{8293A12B-B26C-4873-A56E-A1AFFDAF17C6}.Debug|Any CPU.ActiveCfg = Debug|Any CPU
		{8293A12B-B26C-4873-A56E-A1AFFDAF17C6}.Debug|Any CPU.Build.0 = Debug|Any CPU
		{8293A12B-B26C-4873-A56E-A1AFFDAF17C6}.Release|Any CPU.ActiveCfg = Release|Any CPU
		{8293A12B-B26C-4873-A56E-A1AFFDAF17C6}.Release|Any CPU.Build.0 = Release|Any CPU
		{FF67632B-476A-415F-9596-6900D96104F0}.Debug|Any CPU.ActiveCfg = Debug|Any CPU
		{FF67632B-476A-415F-9596-6900D96104F0}.Debug|Any CPU.Build.0 = Debug|Any CPU
		{FF67632B-476A-415F-9596-6900D96104F0}.Release|Any CPU.ActiveCfg = Release|Any CPU
		{FF67632B-476A-415F-9596-6900D96104F0}.Release|Any CPU.Build.0 = Release|Any CPU
		{D4BD7D3B-1A20-475E-B38B-93E20EC1E770}.Debug|Any CPU.ActiveCfg = Debug|Any CPU
		{D4BD7D3B-1A20-475E-B38B-93E20EC1E770}.Debug|Any CPU.Build.0 = Debug|Any CPU
		{D4BD7D3B-1A20-475E-B38B-93E20EC1E770}.Release|Any CPU.ActiveCfg = Release|Any CPU
		{D4BD7D3B-1A20-475E-B38B-93E20EC1E770}.Release|Any CPU.Build.0 = Release|Any CPU
		{AB143B64-0674-4D35-AC14-8982AE2037FB}.Debug|Any CPU.ActiveCfg = Debug|Any CPU
		{AB143B64-0674-4D35-AC14-8982AE2037FB}.Debug|Any CPU.Build.0 = Debug|Any CPU
		{AB143B64-0674-4D35-AC14-8982AE2037FB}.Release|Any CPU.ActiveCfg = Release|Any CPU
		{AB143B64-0674-4D35-AC14-8982AE2037FB}.Release|Any CPU.Build.0 = Release|Any CPU
		{C01C2F48-0757-47A5-817D-4EF53CBC524E}.Debug|Any CPU.ActiveCfg = Debug|Any CPU
		{C01C2F48-0757-47A5-817D-4EF53CBC524E}.Debug|Any CPU.Build.0 = Debug|Any CPU
		{C01C2F48-0757-47A5-817D-4EF53CBC524E}.Release|Any CPU.ActiveCfg = Release|Any CPU
		{C01C2F48-0757-47A5-817D-4EF53CBC524E}.Release|Any CPU.Build.0 = Release|Any CPU
		{79521B62-8B8E-4623-BBD1-CE46678450BC}.Debug|Any CPU.ActiveCfg = Debug|Any CPU
		{79521B62-8B8E-4623-BBD1-CE46678450BC}.Debug|Any CPU.Build.0 = Debug|Any CPU
		{79521B62-8B8E-4623-BBD1-CE46678450BC}.Release|Any CPU.ActiveCfg = Release|Any CPU
		{79521B62-8B8E-4623-BBD1-CE46678450BC}.Release|Any CPU.Build.0 = Release|Any CPU
		{AA671D38-55BE-40BD-9616-AB2DF53526EE}.Debug|Any CPU.ActiveCfg = Debug|Any CPU
		{AA671D38-55BE-40BD-9616-AB2DF53526EE}.Debug|Any CPU.Build.0 = Debug|Any CPU
		{AA671D38-55BE-40BD-9616-AB2DF53526EE}.Release|Any CPU.ActiveCfg = Release|Any CPU
		{AA671D38-55BE-40BD-9616-AB2DF53526EE}.Release|Any CPU.Build.0 = Release|Any CPU
		{E52609F7-3D24-48C4-B89C-B8DABD12FE2E}.Debug|Any CPU.ActiveCfg = Debug|Any CPU
		{E52609F7-3D24-48C4-B89C-B8DABD12FE2E}.Debug|Any CPU.Build.0 = Debug|Any CPU
		{E52609F7-3D24-48C4-B89C-B8DABD12FE2E}.Release|Any CPU.ActiveCfg = Release|Any CPU
		{E52609F7-3D24-48C4-B89C-B8DABD12FE2E}.Release|Any CPU.Build.0 = Release|Any CPU
		{C17D19CA-08CF-4043-91B6-5ABBE53AF22C}.Debug|Any CPU.ActiveCfg = Debug|Any CPU
		{C17D19CA-08CF-4043-91B6-5ABBE53AF22C}.Debug|Any CPU.Build.0 = Debug|Any CPU
		{C17D19CA-08CF-4043-91B6-5ABBE53AF22C}.Release|Any CPU.ActiveCfg = Release|Any CPU
		{C17D19CA-08CF-4043-91B6-5ABBE53AF22C}.Release|Any CPU.Build.0 = Release|Any CPU
		{557F3FEA-D110-4FE0-BB65-EEA6B5FD0FB4}.Debug|Any CPU.ActiveCfg = Debug|Any CPU
		{557F3FEA-D110-4FE0-BB65-EEA6B5FD0FB4}.Debug|Any CPU.Build.0 = Debug|Any CPU
		{557F3FEA-D110-4FE0-BB65-EEA6B5FD0FB4}.Release|Any CPU.ActiveCfg = Release|Any CPU
		{557F3FEA-D110-4FE0-BB65-EEA6B5FD0FB4}.Release|Any CPU.Build.0 = Release|Any CPU
		{6DEC88FB-4FA5-462D-B6F1-B6367528F113}.Debug|Any CPU.ActiveCfg = Debug|Any CPU
		{6DEC88FB-4FA5-462D-B6F1-B6367528F113}.Debug|Any CPU.Build.0 = Debug|Any CPU
		{6DEC88FB-4FA5-462D-B6F1-B6367528F113}.Release|Any CPU.ActiveCfg = Release|Any CPU
	EndGlobalSection
	GlobalSection(SolutionProperties) = preSolution
		HideSolutionNode = FALSE
	EndGlobalSection
	GlobalSection(NestedProjects) = preSolution
		{278615AC-DE1C-4148-97AE-D48379D873DA} = {A67B1FD6-5205-4217-BB72-D1C47A891F60}
		{7C83F9A8-3458-416B-BD32-8082EB95A99E} = {A67B1FD6-5205-4217-BB72-D1C47A891F60}
		{C3295D8D-6E75-4710-BD54-52722880606B} = {A67B1FD6-5205-4217-BB72-D1C47A891F60}
		{4DA60FB2-F8A7-4700-9DD9-DDEE377D529D} = {A67B1FD6-5205-4217-BB72-D1C47A891F60}
		{A67B1FD6-5205-4217-BB72-D1C47A891F60} = {A9BC3262-B4B8-4B39-A131-6C25A9F3341A}
		{E0586EE9-E05E-4D29-9BA8-2830C327763F} = {A9BC3262-B4B8-4B39-A131-6C25A9F3341A}
		{FA4C692F-1FA5-4083-B013-178684838DE6} = {A67B1FD6-5205-4217-BB72-D1C47A891F60}
		{8DC43F79-B298-4621-818F-4276E69B6722} = {A67B1FD6-5205-4217-BB72-D1C47A891F60}
		{B9F4E09E-5ED5-4B7D-95B2-F14F3AD5B733} = {A67B1FD6-5205-4217-BB72-D1C47A891F60}
		{29848076-4CA0-4A4E-94D3-2D7959C3270C} = {A67B1FD6-5205-4217-BB72-D1C47A891F60}
		{8293A12B-B26C-4873-A56E-A1AFFDAF17C6} = {A67B1FD6-5205-4217-BB72-D1C47A891F60}
		{FF67632B-476A-415F-9596-6900D96104F0} = {A67B1FD6-5205-4217-BB72-D1C47A891F60}
		{D4BD7D3B-1A20-475E-B38B-93E20EC1E770} = {A67B1FD6-5205-4217-BB72-D1C47A891F60}
		{AB143B64-0674-4D35-AC14-8982AE2037FB} = {A67B1FD6-5205-4217-BB72-D1C47A891F60}
		{C01C2F48-0757-47A5-817D-4EF53CBC524E} = {A67B1FD6-5205-4217-BB72-D1C47A891F60}
		{79521B62-8B8E-4623-BBD1-CE46678450BC} = {E0586EE9-E05E-4D29-9BA8-2830C327763F}
		{AA671D38-55BE-40BD-9616-AB2DF53526EE} = {E0586EE9-E05E-4D29-9BA8-2830C327763F}
		{E52609F7-3D24-48C4-B89C-B8DABD12FE2E} = {E0586EE9-E05E-4D29-9BA8-2830C327763F}
		{C17D19CA-08CF-4043-91B6-5ABBE53AF22C} = {E0586EE9-E05E-4D29-9BA8-2830C327763F}
	EndGlobalSection
EndGlobal
